
Microsoft Visual Studio Solution File, Format Version 12.00
# Visual Studio Version 17
VisualStudioVersion = 17.5.33502.453
MinimumVisualStudioVersion = 10.0.40219.1
Project("{FAE04EC0-301F-11D3-BF4B-00C04F79EFBC}") = "aoci_lab4", "aoci_lab4\aoci_lab4.csproj", "{6BFA881D-F6FB-41BC-86B1-64F90FB96D3F}"
EndProject
Global
	GlobalSection(SolutionConfigurationPlatforms) = preSolution
		Debug|Any CPU = Debug|Any CPU
		Release|Any CPU = Release|Any CPU
	EndGlobalSection
	GlobalSection(ProjectConfigurationPlatforms) = postSolution
		{6BFA881D-F6FB-41BC-86B1-64F90FB96D3F}.Debug|Any CPU.ActiveCfg = Debug|Any CPU
		{6BFA881D-F6FB-41BC-86B1-64F90FB96D3F}.Debug|Any CPU.Build.0 = Debug|Any CPU
		{6BFA881D-F6FB-41BC-86B1-64F90FB96D3F}.Release|Any CPU.ActiveCfg = Release|Any CPU
		{6BFA881D-F6FB-41BC-86B1-64F90FB96D3F}.Release|Any CPU.Build.0 = Release|Any CPU
	EndGlobalSection
	GlobalSection(SolutionProperties) = preSolution
		HideSolutionNode = FALSE
	EndGlobalSection
	GlobalSection(ExtensibilityGlobals) = postSolution
		SolutionGuid = {A894C575-B87D-47FA-B0AD-7C88BD55B6C4}
	EndGlobalSection
EndGlobal
